
Microsoft Visual Studio Solution File, Format Version 12.00
# Visual Studio 15
VisualStudioVersion = 15.0.28307.757
MinimumVisualStudioVersion = 10.0.40219.1
Project("{FAE04EC0-301F-11D3-BF4B-00C04F79EFBC}") = "CodeGenerator", "CodeGenerator\CodeGenerator.csproj", "{63B2BF91-81CA-4696-A4FE-E8457896C7D9}"
EndProject
Global
	GlobalSection(SolutionConfigurationPlatforms) = preSolution
		Debug|Any CPU = Debug|Any CPU
		Release|Any CPU = Release|Any CPU
	EndGlobalSection
	GlobalSection(ProjectConfigurationPlatforms) = postSolution
		{63B2BF91-81CA-4696-A4FE-E8457896C7D9}.Debug|Any CPU.ActiveCfg = Debug|Any CPU
		{63B2BF91-81CA-4696-A4FE-E8457896C7D9}.Debug|Any CPU.Build.0 = Debug|Any CPU
		{63B2BF91-81CA-4696-A4FE-E8457896C7D9}.Release|Any CPU.ActiveCfg = Release|Any CPU
		{63B2BF91-81CA-4696-A4FE-E8457896C7D9}.Release|Any CPU.Build.0 = Release|Any CPU
	EndGlobalSection
	GlobalSection(SolutionProperties) = preSolution
		HideSolutionNode = FALSE
	EndGlobalSection
	GlobalSection(ExtensibilityGlobals) = postSolution
		SolutionGuid = {F10EF77E-FCF7-490D-B82F-368BD300CD65}
	EndGlobalSection
EndGlobal
